
Microsoft Visual Studio Solution File, Format Version 12.00
# Visual Studio 15
VisualStudioVersion = 15.0.27428.2043
MinimumVisualStudioVersion = 10.0.40219.1
Project("{FAE04EC0-301F-11D3-BF4B-00C04F79EFBC}") = "BuscaCEP.Android", "BuscaCEP\BuscaCEP.Android\BuscaCEP.Android.csproj", "{37370924-03CD-4113-B416-A1DF96E188AE}"
EndProject
Project("{FAE04EC0-301F-11D3-BF4B-00C04F79EFBC}") = "BuscaCEP.iOS", "BuscaCEP\BuscaCEP.iOS\BuscaCEP.iOS.csproj", "{C6B805AD-6425-48A2-90A2-E0CF25726CF1}"
EndProject
Project("{FAE04EC0-301F-11D3-BF4B-00C04F79EFBC}") = "BuscaCEP.UWP", "BuscaCEP\BuscaCEP.UWP\BuscaCEP.UWP.csproj", "{370E79D3-12C2-4762-ACE6-C053C30051A4}"
EndProject
Project("{FAE04EC0-301F-11D3-BF4B-00C04F79EFBC}") = "BuscaCEP", "BuscaCEP\BuscaCEP\BuscaCEP.csproj", "{87104E64-4837-4699-8FD9-AED8AE5D759F}"
EndProject
Global
	GlobalSection(SolutionConfigurationPlatforms) = preSolution
		Ad-Hoc|Any CPU = Ad-Hoc|Any CPU
		Ad-Hoc|ARM = Ad-Hoc|ARM
		Ad-Hoc|iPhone = Ad-Hoc|iPhone
		Ad-Hoc|iPhoneSimulator = Ad-Hoc|iPhoneSimulator
		Ad-Hoc|x64 = Ad-Hoc|x64
		Ad-Hoc|x86 = Ad-Hoc|x86
		AppStore|Any CPU = AppStore|Any CPU
		AppStore|ARM = AppStore|ARM
		AppStore|iPhone = AppStore|iPhone
		AppStore|iPhoneSimulator = AppStore|iPhoneSimulator
		AppStore|x64 = AppStore|x64
		AppStore|x86 = AppStore|x86
		Debug|Any CPU = Debug|Any CPU
		Debug|ARM = Debug|ARM
		Debug|iPhone = Debug|iPhone
		Debug|iPhoneSimulator = Debug|iPhoneSimulator
		Debug|x64 = Debug|x64
		Debug|x86 = Debug|x86
		Release|Any CPU = Release|Any CPU
		Release|ARM = Release|ARM
		Release|iPhone = Release|iPhone
		Release|iPhoneSimulator = Release|iPhoneSimulator
		Release|x64 = Release|x64
		Release|x86 = Release|x86
	EndGlobalSection
	GlobalSection(ProjectConfigurationPlatforms) = postSolution
		{37370924-03CD-4113-B416-A1DF96E188AE}.Ad-Hoc|Any CPU.ActiveCfg = Release|Any CPU
		{37370924-03CD-4113-B416-A1DF96E188AE}.Ad-Hoc|Any CPU.Build.0 = Release|Any CPU
		{37370924-03CD-4113-B416-A1DF96E188AE}.Ad-Hoc|Any CPU.Deploy.0 = Release|Any CPU
		{37370924-03CD-4113-B416-A1DF96E188AE}.Ad-Hoc|ARM.ActiveCfg = Release|Any CPU
		{37370924-03CD-4113-B416-A1DF96E188AE}.Ad-Hoc|ARM.Build.0 = Release|Any CPU
		{37370924-03CD-4113-B416-A1DF96E188AE}.Ad-Hoc|ARM.Deploy.0 = Release|Any CPU
		{37370924-03CD-4113-B416-A1DF96E188AE}.Ad-Hoc|iPhone.ActiveCfg = Release|Any CPU
		{37370924-03CD-4113-B416-A1DF96E188AE}.Ad-Hoc|iPhone.Build.0 = Release|Any CPU
		{37370924-03CD-4113-B416-A1DF96E188AE}.Ad-Hoc|iPhone.Deploy.0 = Release|Any CPU
		{37370924-03CD-4113-B416-A1DF96E188AE}.Ad-Hoc|iPhoneSimulator.ActiveCfg = Release|Any CPU
		{37370924-03CD-4113-B416-A1DF96E188AE}.Ad-Hoc|iPhoneSimulator.Build.0 = Release|Any CPU
		{37370924-03CD-4113-B416-A1DF96E188AE}.Ad-Hoc|iPhoneSimulator.Deploy.0 = Release|Any CPU
		{37370924-03CD-4113-B416-A1DF96E188AE}.Ad-Hoc|x64.ActiveCfg = Release|Any CPU
		{37370924-03CD-4113-B416-A1DF96E188AE}.Ad-Hoc|x64.Build.0 = Release|Any CPU
		{37370924-03CD-4113-B416-A1DF96E188AE}.Ad-Hoc|x64.Deploy.0 = Release|Any CPU
		{37370924-03CD-4113-B416-A1DF96E188AE}.Ad-Hoc|x86.ActiveCfg = Release|Any CPU
		{37370924-03CD-4113-B416-A1DF96E188AE}.Ad-Hoc|x86.Build.0 = Release|Any CPU
		{37370924-03CD-4113-B416-A1DF96E188AE}.Ad-Hoc|x86.Deploy.0 = Release|Any CPU
		{37370924-03CD-4113-B416-A1DF96E188AE}.AppStore|Any CPU.ActiveCfg = Release|Any CPU
		{37370924-03CD-4113-B416-A1DF96E188AE}.AppStore|Any CPU.Build.0 = Release|Any CPU
		{37370924-03CD-4113-B416-A1DF96E188AE}.AppStore|Any CPU.Deploy.0 = Release|Any CPU
		{37370924-03CD-4113-B416-A1DF96E188AE}.AppStore|ARM.ActiveCfg = Release|Any CPU
		{37370924-03CD-4113-B416-A1DF96E188AE}.AppStore|ARM.Build.0 = Release|Any CPU
		{37370924-03CD-4113-B416-A1DF96E188AE}.AppStore|ARM.Deploy.0 = Release|Any CPU
		{37370924-03CD-4113-B416-A1DF96E188AE}.AppStore|iPhone.ActiveCfg = Release|Any CPU
		{37370924-03CD-4113-B416-A1DF96E188AE}.AppStore|iPhone.Build.0 = Release|Any CPU
		{37370924-03CD-4113-B416-A1DF96E188AE}.AppStore|iPhone.Deploy.0 = Release|Any CPU
		{37370924-03CD-4113-B416-A1DF96E188AE}.AppStore|iPhoneSimulator.ActiveCfg = Release|Any CPU
		{37370924-03CD-4113-B416-A1DF96E188AE}.AppStore|iPhoneSimulator.Build.0 = Release|Any CPU
		{37370924-03CD-4113-B416-A1DF96E188AE}.AppStore|iPhoneSimulator.Deploy.0 = Release|Any CPU
		{37370924-03CD-4113-B416-A1DF96E188AE}.AppStore|x64.ActiveCfg = Release|Any CPU
		{37370924-03CD-4113-B416-A1DF96E188AE}.AppStore|x64.Build.0 = Release|Any CPU
		{37370924-03CD-4113-B416-A1DF96E188AE}.AppStore|x64.Deploy.0 = Release|Any CPU
		{37370924-03CD-4113-B416-A1DF96E188AE}.AppStore|x86.ActiveCfg = Release|Any CPU
		{37370924-03CD-4113-B416-A1DF96E188AE}.AppStore|x86.Build.0 = Release|Any CPU
		{37370924-03CD-4113-B416-A1DF96E188AE}.AppStore|x86.Deploy.0 = Release|Any CPU
		{37370924-03CD-4113-B416-A1DF96E188AE}.Debug|Any CPU.ActiveCfg = Debug|Any CPU
		{37370924-03CD-4113-B416-A1DF96E188AE}.Debug|Any CPU.Build.0 = Debug|Any CPU
		{37370924-03CD-4113-B416-A1DF96E188AE}.Debug|Any CPU.Deploy.0 = Debug|Any CPU
		{37370924-03CD-4113-B416-A1DF96E188AE}.Debug|ARM.ActiveCfg = Debug|Any CPU
		{37370924-03CD-4113-B416-A1DF96E188AE}.Debug|ARM.Build.0 = Debug|Any CPU
		{37370924-03CD-4113-B416-A1DF96E188AE}.Debug|ARM.Deploy.0 = Debug|Any CPU
		{37370924-03CD-4113-B416-A1DF96E188AE}.Debug|iPhone.ActiveCfg = Debug|Any CPU
		{37370924-03CD-4113-B416-A1DF96E188AE}.Debug|iPhone.Build.0 = Debug|Any CPU
		{37370924-03CD-4113-B416-A1DF96E188AE}.Debug|iPhone.Deploy.0 = Debug|Any CPU
		{37370924-03CD-4113-B416-A1DF96E188AE}.Debug|iPhoneSimulator.ActiveCfg = Debug|Any CPU
		{37370924-03CD-4113-B416-A1DF96E188AE}.Debug|iPhoneSimulator.Build.0 = Debug|Any CPU
		{37370924-03CD-4113-B416-A1DF96E188AE}.Debug|iPhoneSimulator.Deploy.0 = Debug|Any CPU
		{37370924-03CD-4113-B416-A1DF96E188AE}.Debug|x64.ActiveCfg = Debug|Any CPU
		{37370924-03CD-4113-B416-A1DF96E188AE}.Debug|x64.Build.0 = Debug|Any CPU
		{37370924-03CD-4113-B416-A1DF96E188AE}.Debug|x64.Deploy.0 = Debug|Any CPU
		{37370924-03CD-4113-B416-A1DF96E188AE}.Debug|x86.ActiveCfg = Debug|Any CPU
		{37370924-03CD-4113-B416-A1DF96E188AE}.Debug|x86.Build.0 = Debug|Any CPU
		{37370924-03CD-4113-B416-A1DF96E188AE}.Debug|x86.Deploy.0 = Debug|Any CPU
		{37370924-03CD-4113-B416-A1DF96E188AE}.Release|Any CPU.ActiveCfg = Release|Any CPU
		{37370924-03CD-4113-B416-A1DF96E188AE}.Release|Any CPU.Build.0 = Release|Any CPU
		{37370924-03CD-4113-B416-A1DF96E188AE}.Release|Any CPU.Deploy.0 = Release|Any CPU
		{37370924-03CD-4113-B416-A1DF96E188AE}.Release|ARM.ActiveCfg = Release|Any CPU
		{37370924-03CD-4113-B416-A1DF96E188AE}.Release|ARM.Build.0 = Release|Any CPU
		{37370924-03CD-4113-B416-A1DF96E188AE}.Release|ARM.Deploy.0 = Release|Any CPU
		{37370924-03CD-4113-B416-A1DF96E188AE}.Release|iPhone.ActiveCfg = Release|Any CPU
		{37370924-03CD-4113-B416-A1DF96E188AE}.Release|iPhone.Build.0 = Release|Any CPU
		{37370924-03CD-4113-B416-A1DF96E188AE}.Release|iPhone.Deploy.0 = Release|Any CPU
		{37370924-03CD-4113-B416-A1DF96E188AE}.Release|iPhoneSimulator.ActiveCfg = Release|Any CPU
		{37370924-03CD-4113-B416-A1DF96E188AE}.Release|iPhoneSimulator.Build.0 = Release|Any CPU
		{37370924-03CD-4113-B416-A1DF96E188AE}.Release|iPhoneSimulator.Deploy.0 = Release|Any CPU
		{37370924-03CD-4113-B416-A1DF96E188AE}.Release|x64.ActiveCfg = Release|Any CPU
		{37370924-03CD-4113-B416-A1DF96E188AE}.Release|x64.Build.0 = Release|Any CPU
		{37370924-03CD-4113-B416-A1DF96E188AE}.Release|x64.Deploy.0 = Release|Any CPU
		{37370924-03CD-4113-B416-A1DF96E188AE}.Release|x86.ActiveCfg = Release|Any CPU
		{37370924-03CD-4113-B416-A1DF96E188AE}.Release|x86.Build.0 = Release|Any CPU
		{37370924-03CD-4113-B416-A1DF96E188AE}.Release|x86.Deploy.0 = Release|Any CPU
		{C6B805AD-6425-48A2-90A2-E0CF25726CF1}.Ad-Hoc|Any CPU.ActiveCfg = Ad-Hoc|iPhone
		{C6B805AD-6425-48A2-90A2-E0CF25726CF1}.Ad-Hoc|ARM.ActiveCfg = Ad-Hoc|iPhone
		{C6B805AD-6425-48A2-90A2-E0CF25726CF1}.Ad-Hoc|iPhone.ActiveCfg = Ad-Hoc|iPhone
		{C6B805AD-6425-48A2-90A2-E0CF25726CF1}.Ad-Hoc|iPhone.Build.0 = Ad-Hoc|iPhone
		{C6B805AD-6425-48A2-90A2-E0CF25726CF1}.Ad-Hoc|iPhoneSimulator.ActiveCfg = Ad-Hoc|iPhoneSimulator
		{C6B805AD-6425-48A2-90A2-E0CF25726CF1}.Ad-Hoc|iPhoneSimulator.Build.0 = Ad-Hoc|iPhoneSimulator
		{C6B805AD-6425-48A2-90A2-E0CF25726CF1}.Ad-Hoc|x64.ActiveCfg = Ad-Hoc|iPhone
		{C6B805AD-6425-48A2-90A2-E0CF25726CF1}.Ad-Hoc|x86.ActiveCfg = Ad-Hoc|iPhone
		{C6B805AD-6425-48A2-90A2-E0CF25726CF1}.AppStore|Any CPU.ActiveCfg = AppStore|iPhone
		{C6B805AD-6425-48A2-90A2-E0CF25726CF1}.AppStore|ARM.ActiveCfg = AppStore|iPhone
		{C6B805AD-6425-48A2-90A2-E0CF25726CF1}.AppStore|iPhone.ActiveCfg = AppStore|iPhone
		{C6B805AD-6425-48A2-90A2-E0CF25726CF1}.AppStore|iPhone.Build.0 = AppStore|iPhone
		{C6B805AD-6425-48A2-90A2-E0CF25726CF1}.AppStore|iPhoneSimulator.ActiveCfg = AppStore|iPhoneSimulator
		{C6B805AD-6425-48A2-90A2-E0CF25726CF1}.AppStore|iPhoneSimulator.Build.0 = AppStore|iPhoneSimulator
		{C6B805AD-6425-48A2-90A2-E0CF25726CF1}.AppStore|x64.ActiveCfg = AppStore|iPhone
		{C6B805AD-6425-48A2-90A2-E0CF25726CF1}.AppStore|x86.ActiveCfg = AppStore|iPhone
		{C6B805AD-6425-48A2-90A2-E0CF25726CF1}.Debug|Any CPU.ActiveCfg = Debug|iPhone
		{C6B805AD-6425-48A2-90A2-E0CF25726CF1}.Debug|ARM.ActiveCfg = Debug|iPhone
		{C6B805AD-6425-48A2-90A2-E0CF25726CF1}.Debug|iPhone.ActiveCfg = Debug|iPhone
		{C6B805AD-6425-48A2-90A2-E0CF25726CF1}.Debug|iPhone.Build.0 = Debug|iPhone
		{C6B805AD-6425-48A2-90A2-E0CF25726CF1}.Debug|iPhoneSimulator.ActiveCfg = Debug|iPhoneSimulator
		{C6B805AD-6425-48A2-90A2-E0CF25726CF1}.Debug|iPhoneSimulator.Build.0 = Debug|iPhoneSimulator
		{C6B805AD-6425-48A2-90A2-E0CF25726CF1}.Debug|x64.ActiveCfg = Debug|iPhone
		{C6B805AD-6425-48A2-90A2-E0CF25726CF1}.Debug|x86.ActiveCfg = Debug|iPhone
		{C6B805AD-6425-48A2-90A2-E0CF25726CF1}.Release|Any CPU.ActiveCfg = Release|iPhone
		{C6B805AD-6425-48A2-90A2-E0CF25726CF1}.Release|ARM.ActiveCfg = Release|iPhone
		{C6B805AD-6425-48A2-90A2-E0CF25726CF1}.Release|iPhone.ActiveCfg = Release|iPhone
		{C6B805AD-6425-48A2-90A2-E0CF25726CF1}.Release|iPhone.Build.0 = Release|iPhone
		{C6B805AD-6425-48A2-90A2-E0CF25726CF1}.Release|iPhoneSimulator.ActiveCfg = Release|iPhoneSimulator
		{C6B805AD-6425-48A2-90A2-E0CF25726CF1}.Release|iPhoneSimulator.Build.0 = Release|iPhoneSimulator
		{C6B805AD-6425-48A2-90A2-E0CF25726CF1}.Release|x64.ActiveCfg = Release|iPhone
		{C6B805AD-6425-48A2-90A2-E0CF25726CF1}.Release|x86.ActiveCfg = Release|iPhone
		{370E79D3-12C2-4762-ACE6-C053C30051A4}.Ad-Hoc|Any CPU.ActiveCfg = Release|x86
		{370E79D3-12C2-4762-ACE6-C053C30051A4}.Ad-Hoc|Any CPU.Build.0 = Release|x86
		{370E79D3-12C2-4762-ACE6-C053C30051A4}.Ad-Hoc|Any CPU.Deploy.0 = Release|x86
		{370E79D3-12C2-4762-ACE6-C053C30051A4}.Ad-Hoc|ARM.ActiveCfg = Release|ARM
		{370E79D3-12C2-4762-ACE6-C053C30051A4}.Ad-Hoc|ARM.Build.0 = Release|ARM
		{370E79D3-12C2-4762-ACE6-C053C30051A4}.Ad-Hoc|ARM.Deploy.0 = Release|ARM
		{370E79D3-12C2-4762-ACE6-C053C30051A4}.Ad-Hoc|iPhone.ActiveCfg = Release|x86
		{370E79D3-12C2-4762-ACE6-C053C30051A4}.Ad-Hoc|iPhone.Build.0 = Release|x86
		{370E79D3-12C2-4762-ACE6-C053C30051A4}.Ad-Hoc|iPhone.Deploy.0 = Release|x86
		{370E79D3-12C2-4762-ACE6-C053C30051A4}.Ad-Hoc|iPhoneSimulator.ActiveCfg = Release|x86
		{370E79D3-12C2-4762-ACE6-C053C30051A4}.Ad-Hoc|iPhoneSimulator.Build.0 = Release|x86
		{370E79D3-12C2-4762-ACE6-C053C30051A4}.Ad-Hoc|iPhoneSimulator.Deploy.0 = Release|x86
		{370E79D3-12C2-4762-ACE6-C053C30051A4}.Ad-Hoc|x64.ActiveCfg = Release|x64
		{370E79D3-12C2-4762-ACE6-C053C30051A4}.Ad-Hoc|x64.Build.0 = Release|x64
		{370E79D3-12C2-4762-ACE6-C053C30051A4}.Ad-Hoc|x64.Deploy.0 = Release|x64
		{370E79D3-12C2-4762-ACE6-C053C30051A4}.Ad-Hoc|x86.ActiveCfg = Release|x86
		{370E79D3-12C2-4762-ACE6-C053C30051A4}.Ad-Hoc|x86.Build.0 = Release|x86
		{370E79D3-12C2-4762-ACE6-C053C30051A4}.Ad-Hoc|x86.Deploy.0 = Release|x86
		{370E79D3-12C2-4762-ACE6-C053C30051A4}.AppStore|Any CPU.ActiveCfg = Release|x86
		{370E79D3-12C2-4762-ACE6-C053C30051A4}.AppStore|Any CPU.Build.0 = Release|x86
		{370E79D3-12C2-4762-ACE6-C053C30051A4}.AppStore|Any CPU.Deploy.0 = Release|x86
		{370E79D3-12C2-4762-ACE6-C053C30051A4}.AppStore|ARM.ActiveCfg = Release|ARM
		{370E79D3-12C2-4762-ACE6-C053C30051A4}.AppStore|ARM.Build.0 = Release|ARM
		{370E79D3-12C2-4762-ACE6-C053C30051A4}.AppStore|ARM.Deploy.0 = Release|ARM
		{370E79D3-12C2-4762-ACE6-C053C30051A4}.AppStore|iPhone.ActiveCfg = Release|x86
		{370E79D3-12C2-4762-ACE6-C053C30051A4}.AppStore|iPhone.Build.0 = Release|x86
		{370E79D3-12C2-4762-ACE6-C053C30051A4}.AppStore|iPhone.Deploy.0 = Release|x86
		{370E79D3-12C2-4762-ACE6-C053C30051A4}.AppStore|iPhoneSimulator.ActiveCfg = Release|x86
		{370E79D3-12C2-4762-ACE6-C053C30051A4}.AppStore|iPhoneSimulator.Build.0 = Release|x86
		{370E79D3-12C2-4762-ACE6-C053C30051A4}.AppStore|iPhoneSimulator.Deploy.0 = Release|x86
		{370E79D3-12C2-4762-ACE6-C053C30051A4}.AppStore|x64.ActiveCfg = Release|x64
		{370E79D3-12C2-4762-ACE6-C053C30051A4}.AppStore|x64.Build.0 = Release|x64
		{370E79D3-12C2-4762-ACE6-C053C30051A4}.AppStore|x64.Deploy.0 = Release|x64
		{370E79D3-12C2-4762-ACE6-C053C30051A4}.AppStore|x86.ActiveCfg = Release|x86
		{370E79D3-12C2-4762-ACE6-C053C30051A4}.AppStore|x86.Build.0 = Release|x86
		{370E79D3-12C2-4762-ACE6-C053C30051A4}.AppStore|x86.Deploy.0 = Release|x86
		{370E79D3-12C2-4762-ACE6-C053C30051A4}.Debug|Any CPU.ActiveCfg = Debug|x86
		{370E79D3-12C2-4762-ACE6-C053C30051A4}.Debug|ARM.ActiveCfg = Debug|ARM
		{370E79D3-12C2-4762-ACE6-C053C30051A4}.Debug|ARM.Build.0 = Debug|ARM
		{370E79D3-12C2-4762-ACE6-C053C30051A4}.Debug|ARM.Deploy.0 = Debug|ARM
		{370E79D3-12C2-4762-ACE6-C053C30051A4}.Debug|iPhone.ActiveCfg = Debug|x86
		{370E79D3-12C2-4762-ACE6-C053C30051A4}.Debug|iPhoneSimulator.ActiveCfg = Debug|x86
		{370E79D3-12C2-4762-ACE6-C053C30051A4}.Debug|x64.ActiveCfg = Debug|x64
		{370E79D3-12C2-4762-ACE6-C053C30051A4}.Debug|x64.Build.0 = Debug|x64
		{370E79D3-12C2-4762-ACE6-C053C30051A4}.Debug|x64.Deploy.0 = Debug|x64
		{370E79D3-12C2-4762-ACE6-C053C30051A4}.Debug|x86.ActiveCfg = Debug|x86
		{370E79D3-12C2-4762-ACE6-C053C30051A4}.Debug|x86.Build.0 = Debug|x86
		{370E79D3-12C2-4762-ACE6-C053C30051A4}.Debug|x86.Deploy.0 = Debug|x86
		{370E79D3-12C2-4762-ACE6-C053C30051A4}.Release|Any CPU.ActiveCfg = Release|x86
		{370E79D3-12C2-4762-ACE6-C053C30051A4}.Release|ARM.ActiveCfg = Release|ARM
		{370E79D3-12C2-4762-ACE6-C053C30051A4}.Release|ARM.Build.0 = Release|ARM
		{370E79D3-12C2-4762-ACE6-C053C30051A4}.Release|ARM.Deploy.0 = Release|ARM
		{370E79D3-12C2-4762-ACE6-C053C30051A4}.Release|iPhone.ActiveCfg = Release|x86
		{370E79D3-12C2-4762-ACE6-C053C30051A4}.Release|iPhoneSimulator.ActiveCfg = Release|x86
		{370E79D3-12C2-4762-ACE6-C053C30051A4}.Release|x64.ActiveCfg = Release|x64
		{370E79D3-12C2-4762-ACE6-C053C30051A4}.Release|x64.Build.0 = Release|x64
		{370E79D3-12C2-4762-ACE6-C053C30051A4}.Release|x64.Deploy.0 = Release|x64
		{370E79D3-12C2-4762-ACE6-C053C30051A4}.Release|x86.ActiveCfg = Release|x86
		{370E79D3-12C2-4762-ACE6-C053C30051A4}.Release|x86.Build.0 = Release|x86
		{370E79D3-12C2-4762-ACE6-C053C30051A4}.Release|x86.Deploy.0 = Release|x86
		{87104E64-4837-4699-8FD9-AED8AE5D759F}.Ad-Hoc|Any CPU.ActiveCfg = Debug|Any CPU
		{87104E64-4837-4699-8FD9-AED8AE5D759F}.Ad-Hoc|Any CPU.Build.0 = Debug|Any CPU
		{87104E64-4837-4699-8FD9-AED8AE5D759F}.Ad-Hoc|ARM.ActiveCfg = Debug|Any CPU
		{87104E64-4837-4699-8FD9-AED8AE5D759F}.Ad-Hoc|ARM.Build.0 = Debug|Any CPU
		{87104E64-4837-4699-8FD9-AED8AE5D759F}.Ad-Hoc|iPhone.ActiveCfg = Debug|Any CPU
		{87104E64-4837-4699-8FD9-AED8AE5D759F}.Ad-Hoc|iPhone.Build.0 = Debug|Any CPU
		{87104E64-4837-4699-8FD9-AED8AE5D759F}.Ad-Hoc|iPhoneSimulator.ActiveCfg = Debug|Any CPU
		{87104E64-4837-4699-8FD9-AED8AE5D759F}.Ad-Hoc|iPhoneSimulator.Build.0 = Debug|Any CPU
		{87104E64-4837-4699-8FD9-AED8AE5D759F}.Ad-Hoc|x64.ActiveCfg = Debug|Any CPU
		{87104E64-4837-4699-8FD9-AED8AE5D759F}.Ad-Hoc|x64.Build.0 = Debug|Any CPU
		{87104E64-4837-4699-8FD9-AED8AE5D759F}.Ad-Hoc|x86.ActiveCfg = Debug|Any CPU
		{87104E64-4837-4699-8FD9-AED8AE5D759F}.Ad-Hoc|x86.Build.0 = Debug|Any CPU
		{87104E64-4837-4699-8FD9-AED8AE5D759F}.AppStore|Any CPU.ActiveCfg = Debug|Any CPU
		{87104E64-4837-4699-8FD9-AED8AE5D759F}.AppStore|Any CPU.Build.0 = Debug|Any CPU
		{87104E64-4837-4699-8FD9-AED8AE5D759F}.AppStore|ARM.ActiveCfg = Debug|Any CPU
		{87104E64-4837-4699-8FD9-AED8AE5D759F}.AppStore|ARM.Build.0 = Debug|Any CPU
		{87104E64-4837-4699-8FD9-AED8AE5D759F}.AppStore|iPhone.ActiveCfg = Debug|Any CPU
		{87104E64-4837-4699-8FD9-AED8AE5D759F}.AppStore|iPhone.Build.0 = Debug|Any CPU
		{87104E64-4837-4699-8FD9-AED8AE5D759F}.AppStore|iPhoneSimulator.ActiveCfg = Debug|Any CPU
		{87104E64-4837-4699-8FD9-AED8AE5D759F}.AppStore|iPhoneSimulator.Build.0 = Debug|Any CPU
		{87104E64-4837-4699-8FD9-AED8AE5D759F}.AppStore|x64.ActiveCfg = Debug|Any CPU
		{87104E64-4837-4699-8FD9-AED8AE5D759F}.AppStore|x64.Build.0 = Debug|Any CPU
		{87104E64-4837-4699-8FD9-AED8AE5D759F}.AppStore|x86.ActiveCfg = Debug|Any CPU
		{87104E64-4837-4699-8FD9-AED8AE5D759F}.AppStore|x86.Build.0 = Debug|Any CPU
		{87104E64-4837-4699-8FD9-AED8AE5D759F}.Debug|Any CPU.ActiveCfg = Debug|Any CPU
		{87104E64-4837-4699-8FD9-AED8AE5D759F}.Debug|Any CPU.Build.0 = Debug|Any CPU
		{87104E64-4837-4699-8FD9-AED8AE5D759F}.Debug|ARM.ActiveCfg = Debug|Any CPU
		{87104E64-4837-4699-8FD9-AED8AE5D759F}.Debug|ARM.Build.0 = Debug|Any CPU
		{87104E64-4837-4699-8FD9-AED8AE5D759F}.Debug|iPhone.ActiveCfg = Debug|Any CPU
		{87104E64-4837-4699-8FD9-AED8AE5D759F}.Debug|iPhone.Build.0 = Debug|Any CPU
		{87104E64-4837-4699-8FD9-AED8AE5D759F}.Debug|iPhoneSimulator.ActiveCfg = Debug|Any CPU
		{87104E64-4837-4699-8FD9-AED8AE5D759F}.Debug|iPhoneSimulator.Build.0 = Debug|Any CPU
		{87104E64-4837-4699-8FD9-AED8AE5D759F}.Debug|x64.ActiveCfg = Debug|Any CPU
		{87104E64-4837-4699-8FD9-AED8AE5D759F}.Debug|x64.Build.0 = Debug|Any CPU
		{87104E64-4837-4699-8FD9-AED8AE5D759F}.Debug|x86.ActiveCfg = Debug|Any CPU
		{87104E64-4837-4699-8FD9-AED8AE5D759F}.Debug|x86.Build.0 = Debug|Any CPU
		{87104E64-4837-4699-8FD9-AED8AE5D759F}.Release|Any CPU.ActiveCfg = Release|Any CPU
		{87104E64-4837-4699-8FD9-AED8AE5D759F}.Release|Any CPU.Build.0 = Release|Any CPU
		{87104E64-4837-4699-8FD9-AED8AE5D759F}.Release|ARM.ActiveCfg = Release|Any CPU
		{87104E64-4837-4699-8FD9-AED8AE5D759F}.Release|ARM.Build.0 = Release|Any CPU
		{87104E64-4837-4699-8FD9-AED8AE5D759F}.Release|iPhone.ActiveCfg = Release|Any CPU
		{87104E64-4837-4699-8FD9-AED8AE5D759F}.Release|iPhone.Build.0 = Release|Any CPU
		{87104E64-4837-4699-8FD9-AED8AE5D759F}.Release|iPhoneSimulator.ActiveCfg = Release|Any CPU
		{87104E64-4837-4699-8FD9-AED8AE5D759F}.Release|iPhoneSimulator.Build.0 = Release|Any CPU
		{87104E64-4837-4699-8FD9-AED8AE5D759F}.Release|x64.ActiveCfg = Release|Any CPU
		{87104E64-4837-4699-8FD9-AED8AE5D759F}.Release|x64.Build.0 = Release|Any CPU
		{87104E64-4837-4699-8FD9-AED8AE5D759F}.Release|x86.ActiveCfg = Release|Any CPU
		{87104E64-4837-4699-8FD9-AED8AE5D759F}.Release|x86.Build.0 = Release|Any CPU
	EndGlobalSection
	GlobalSection(SolutionProperties) = preSolution
		HideSolutionNode = FALSE
	EndGlobalSection
	GlobalSection(ExtensibilityGlobals) = postSolution
		SolutionGuid = {7DFA4730-6218-4E54-B33A-714349C4DAFA}
	EndGlobalSection
EndGlobal
